
Microsoft Visual Studio Solution File, Format Version 12.00
# Visual Studio Version 17
VisualStudioVersion = 17.7.34221.43
MinimumVisualStudioVersion = 10.0.40219.1
Project("{FAE04EC0-301F-11D3-BF4B-00C04F79EFBC}") = "AccountManagement.Api", "AccountManagement.Api\AccountManagement.Api.csproj", "{A6A31125-7FC4-4E17-8E39-D297F38E8AC7}"
EndProject
Project("{FAE04EC0-301F-11D3-BF4B-00C04F79EFBC}") = "AccountManagement.BLL", "AccountManagement.BLL\AccountManagement.BLL.csproj", "{17573E72-BFED-421B-8495-F7167DB7AAD0}"
EndProject
Project("{FAE04EC0-301F-11D3-BF4B-00C04F79EFBC}") = "AccountManagement.DAL", "AccountManagement.DAL\AccountManagement.DAL.csproj", "{035F6121-488A-4806-BAE4-459187FC924B}"
EndProject
Project("{FAE04EC0-301F-11D3-BF4B-00C04F79EFBC}") = "AccountManagement.Core", "AccountManagement.Core\AccountManagement.Core.csproj", "{DD520CF9-E374-4BB9-834E-62F6B0D7AA29}"
EndProject
Project("{FAE04EC0-301F-11D3-BF4B-00C04F79EFBC}") = "AccountManagement.Tests", "AccountManagement.Tests\AccountManagement.Tests.csproj", "{148365DB-4366-4F64-810A-0C9DD3CE355F}"
EndProject
Global
	GlobalSection(SolutionConfigurationPlatforms) = preSolution
		Debug|Any CPU = Debug|Any CPU
		Release|Any CPU = Release|Any CPU
	EndGlobalSection
	GlobalSection(ProjectConfigurationPlatforms) = postSolution
		{A6A31125-7FC4-4E17-8E39-D297F38E8AC7}.Debug|Any CPU.ActiveCfg = Debug|Any CPU
		{A6A31125-7FC4-4E17-8E39-D297F38E8AC7}.Debug|Any CPU.Build.0 = Debug|Any CPU
		{A6A31125-7FC4-4E17-8E39-D297F38E8AC7}.Release|Any CPU.ActiveCfg = Release|Any CPU
		{A6A31125-7FC4-4E17-8E39-D297F38E8AC7}.Release|Any CPU.Build.0 = Release|Any CPU
		{17573E72-BFED-421B-8495-F7167DB7AAD0}.Debug|Any CPU.ActiveCfg = Debug|Any CPU
		{17573E72-BFED-421B-8495-F7167DB7AAD0}.Debug|Any CPU.Build.0 = Debug|Any CPU
		{17573E72-BFED-421B-8495-F7167DB7AAD0}.Release|Any CPU.ActiveCfg = Release|Any CPU
		{17573E72-BFED-421B-8495-F7167DB7AAD0}.Release|Any CPU.Build.0 = Release|Any CPU
		{035F6121-488A-4806-BAE4-459187FC924B}.Debug|Any CPU.ActiveCfg = Debug|Any CPU
		{035F6121-488A-4806-BAE4-459187FC924B}.Debug|Any CPU.Build.0 = Debug|Any CPU
		{035F6121-488A-4806-BAE4-459187FC924B}.Release|Any CPU.ActiveCfg = Release|Any CPU
		{035F6121-488A-4806-BAE4-459187FC924B}.Release|Any CPU.Build.0 = Release|Any CPU
		{DD520CF9-E374-4BB9-834E-62F6B0D7AA29}.Debug|Any CPU.ActiveCfg = Debug|Any CPU
		{DD520CF9-E374-4BB9-834E-62F6B0D7AA29}.Debug|Any CPU.Build.0 = Debug|Any CPU
		{DD520CF9-E374-4BB9-834E-62F6B0D7AA29}.Release|Any CPU.ActiveCfg = Release|Any CPU
		{DD520CF9-E374-4BB9-834E-62F6B0D7AA29}.Release|Any CPU.Build.0 = Release|Any CPU
		{148365DB-4366-4F64-810A-0C9DD3CE355F}.Debug|Any CPU.ActiveCfg = Debug|Any CPU
		{148365DB-4366-4F64-810A-0C9DD3CE355F}.Debug|Any CPU.Build.0 = Debug|Any CPU
		{148365DB-4366-4F64-810A-0C9DD3CE355F}.Release|Any CPU.ActiveCfg = Release|Any CPU
		{148365DB-4366-4F64-810A-0C9DD3CE355F}.Release|Any CPU.Build.0 = Release|Any CPU
	EndGlobalSection
	GlobalSection(SolutionProperties) = preSolution
		HideSolutionNode = FALSE
	EndGlobalSection
	GlobalSection(ExtensibilityGlobals) = postSolution
		SolutionGuid = {9B42D662-993C-4085-86AB-407DD333E31C}
	EndGlobalSection
EndGlobal
